// !$*UTF8*$!
{
	archiveVersion = 1;
	classes = {
	};
	objectVersion = 50;
	objects = {

/* Begin PBXBuildFile section */
		4B0082DA2255BBE200E093BD /* PortAudioPlugins.cpp in Sources */ = {isa = PBXBuildFile; fileRef = 4B0082D82255BBE200E093BD /* PortAudioPlugins.cpp */; };
		4B0082DD2255BD1300E093BD /* libportaudio.a in Frameworks */ = {isa = PBXBuildFile; fileRef = 4B0082DC2255BD1300E093BD /* libportaudio.a */; };
		4B17DE2F223AFE4300F2B656 /* AudioUtils.cpp in Sources */ = {isa = PBXBuildFile; fileRef = 4B17DE2D223AFE4300F2B656 /* AudioUtils.cpp */; };
		4B17DE32223AFFFA00F2B656 /* AudioUnitPlugin.mm in Sources */ = {isa = PBXBuildFile; fileRef = 4B17DE31223AFFFA00F2B656 /* AudioUnitPlugin.mm */; };
		4B910817222C6056000748F5 /* AppDelegate.m in Sources */ = {isa = PBXBuildFile; fileRef = 4B910816222C6056000748F5 /* AppDelegate.m */; };
		4B91081A222C6056000748F5 /* ViewController.m in Sources */ = {isa = PBXBuildFile; fileRef = 4B910819222C6056000748F5 /* ViewController.m */; };
		4B91081C222C6059000748F5 /* Assets.xcassets in Resources */ = {isa = PBXBuildFile; fileRef = 4B91081B222C6059000748F5 /* Assets.xcassets */; };
		4B91081F222C6059000748F5 /* Main.storyboard in Resources */ = {isa = PBXBuildFile; fileRef = 4B91081D222C6059000748F5 /* Main.storyboard */; };
		4B910822222C6059000748F5 /* main.m in Sources */ = {isa = PBXBuildFile; fileRef = 4B910821222C6059000748F5 /* main.m */; };
		4B91082B222C7BDB000748F5 /* AudioPlugin.mm in Sources */ = {isa = PBXBuildFile; fileRef = 4B91082A222C7BDB000748F5 /* AudioPlugin.mm */; };
		4BC967CF22499F570056DFC7 /* HauoliAudio1D.wav in Resources */ = {isa = PBXBuildFile; fileRef = 4BC967CE22499F570056DFC7 /* HauoliAudio1D.wav */; };
/* End PBXBuildFile section */

/* Begin PBXFileReference section */
		4B0082D82255BBE200E093BD /* PortAudioPlugins.cpp */ = {isa = PBXFileReference; lastKnownFileType = sourcecode.cpp.cpp; path = PortAudioPlugins.cpp; sourceTree = "<group>"; };
		4B0082D92255BBE200E093BD /* PortAudioPlugins.hpp */ = {isa = PBXFileReference; lastKnownFileType = sourcecode.cpp.h; path = PortAudioPlugins.hpp; sourceTree = "<group>"; };
		4B0082DC2255BD1300E093BD /* libportaudio.a */ = {isa = PBXFileReference; lastKnownFileType = archive.ar; name = libportaudio.a; path = ../../../../../../usr/local/lib/libportaudio.a; sourceTree = "<group>"; };
		4B17DE2D223AFE4300F2B656 /* AudioUtils.cpp */ = {isa = PBXFileReference; lastKnownFileType = sourcecode.cpp.cpp; path = AudioUtils.cpp; sourceTree = "<group>"; };
		4B17DE2E223AFE4300F2B656 /* AudioUtils.hpp */ = {isa = PBXFileReference; lastKnownFileType = sourcecode.cpp.h; path = AudioUtils.hpp; sourceTree = "<group>"; };
		4B17DE30223AFFFA00F2B656 /* AudioUnitPlugin.h */ = {isa = PBXFileReference; lastKnownFileType = sourcecode.c.h; path = AudioUnitPlugin.h; sourceTree = "<group>"; };
		4B17DE31223AFFFA00F2B656 /* AudioUnitPlugin.mm */ = {isa = PBXFileReference; lastKnownFileType = sourcecode.cpp.objcpp; path = AudioUnitPlugin.mm; sourceTree = "<group>"; };
		4B910812222C6056000748F5 /* MacAudioRecorder.app */ = {isa = PBXFileReference; explicitFileType = wrapper.application; includeInIndex = 0; path = MacAudioRecorder.app; sourceTree = BUILT_PRODUCTS_DIR; };
		4B910815222C6056000748F5 /* AppDelegate.h */ = {isa = PBXFileReference; lastKnownFileType = sourcecode.c.h; path = AppDelegate.h; sourceTree = "<group>"; };
		4B910816222C6056000748F5 /* AppDelegate.m */ = {isa = PBXFileReference; lastKnownFileType = sourcecode.c.objc; path = AppDelegate.m; sourceTree = "<group>"; };
		4B910818222C6056000748F5 /* ViewController.h */ = {isa = PBXFileReference; lastKnownFileType = sourcecode.c.h; path = ViewController.h; sourceTree = "<group>"; };
		4B910819222C6056000748F5 /* ViewController.m */ = {isa = PBXFileReference; lastKnownFileType = sourcecode.c.objc; path = ViewController.m; sourceTree = "<group>"; };
		4B91081B222C6059000748F5 /* Assets.xcassets */ = {isa = PBXFileReference; lastKnownFileType = folder.assetcatalog; path = Assets.xcassets; sourceTree = "<group>"; };
		4B91081E222C6059000748F5 /* Base */ = {isa = PBXFileReference; lastKnownFileType = file.storyboard; name = Base; path = Base.lproj/Main.storyboard; sourceTree = "<group>"; };
		4B910820222C6059000748F5 /* Info.plist */ = {isa = PBXFileReference; lastKnownFileType = text.plist.xml; path = Info.plist; sourceTree = "<group>"; };
		4B910821222C6059000748F5 /* main.m */ = {isa = PBXFileReference; lastKnownFileType = sourcecode.c.objc; path = main.m; sourceTree = "<group>"; };
		4B910823222C6059000748F5 /* MacAudioRecorder.entitlements */ = {isa = PBXFileReference; lastKnownFileType = text.plist.entitlements; path = MacAudioRecorder.entitlements; sourceTree = "<group>"; };
		4B910829222C7BDB000748F5 /* AudioPlugin.h */ = {isa = PBXFileReference; lastKnownFileType = sourcecode.c.h; path = AudioPlugin.h; sourceTree = "<group>"; };
		4B91082A222C7BDB000748F5 /* AudioPlugin.mm */ = {isa = PBXFileReference; lastKnownFileType = sourcecode.cpp.objcpp; path = AudioPlugin.mm; sourceTree = "<group>"; };
		4BC967CE22499F570056DFC7 /* HauoliAudio1D.wav */ = {isa = PBXFileReference; lastKnownFileType = audio.wav; path = HauoliAudio1D.wav; sourceTree = "<group>"; };
/* End PBXFileReference section */

/* Begin PBXFrameworksBuildPhase section */
		4B91080F222C6056000748F5 /* Frameworks */ = {
			isa = PBXFrameworksBuildPhase;
			buildActionMask = 2147483647;
			files = (
				4B0082DD2255BD1300E093BD /* libportaudio.a in Frameworks */,
			);
			runOnlyForDeploymentPostprocessing = 0;
		};
/* End PBXFrameworksBuildPhase section */

/* Begin PBXGroup section */
		4B0082D72255BBB000E093BD /* PortAudioPlugins */ = {
			isa = PBXGroup;
			children = (
				4B0082D82255BBE200E093BD /* PortAudioPlugins.cpp */,
				4B0082D92255BBE200E093BD /* PortAudioPlugins.hpp */,
			);
			path = PortAudioPlugins;
			sourceTree = "<group>";
		};
		4B0082DB2255BD1300E093BD /* Frameworks */ = {
			isa = PBXGroup;
			children = (
				4B0082DC2255BD1300E093BD /* libportaudio.a */,
			);
			name = Frameworks;
			sourceTree = "<group>";
		};
		4B0F8F0B225181BA00891157 /* AudioQueues */ = {
			isa = PBXGroup;
			children = (
			);
			path = AudioQueues;
			sourceTree = "<group>";
		};
		4B17DE2C223AFE2300F2B656 /* AudioUnitPlugins */ = {
			isa = PBXGroup;
			children = (
				4B17DE2D223AFE4300F2B656 /* AudioUtils.cpp */,
				4B17DE2E223AFE4300F2B656 /* AudioUtils.hpp */,
				4B17DE30223AFFFA00F2B656 /* AudioUnitPlugin.h */,
				4B17DE31223AFFFA00F2B656 /* AudioUnitPlugin.mm */,
			);
			path = AudioUnitPlugins;
			sourceTree = "<group>";
		};
		4B17DE33223B000E00F2B656 /* AVFoundationPlugins */ = {
			isa = PBXGroup;
			children = (
				4B910829222C7BDB000748F5 /* AudioPlugin.h */,
				4B91082A222C7BDB000748F5 /* AudioPlugin.mm */,
			);
			path = AVFoundationPlugins;
			sourceTree = "<group>";
		};
		4B910809222C6056000748F5 = {
			isa = PBXGroup;
			children = (
				4B910814222C6056000748F5 /* MacAudioRecorder */,
				4B910813222C6056000748F5 /* Products */,
				4B0082DB2255BD1300E093BD /* Frameworks */,
			);
			sourceTree = "<group>";
		};
		4B910813222C6056000748F5 /* Products */ = {
			isa = PBXGroup;
			children = (
				4B910812222C6056000748F5 /* MacAudioRecorder.app */,
			);
			name = Products;
			sourceTree = "<group>";
		};
		4B910814222C6056000748F5 /* MacAudioRecorder */ = {
			isa = PBXGroup;
			children = (
				4B0082D72255BBB000E093BD /* PortAudioPlugins */,
				4BC967CE22499F570056DFC7 /* HauoliAudio1D.wav */,
				4B0F8F0B225181BA00891157 /* AudioQueues */,
				4B17DE33223B000E00F2B656 /* AVFoundationPlugins */,
				4B17DE2C223AFE2300F2B656 /* AudioUnitPlugins */,
				4B910815222C6056000748F5 /* AppDelegate.h */,
				4B910816222C6056000748F5 /* AppDelegate.m */,
				4B910818222C6056000748F5 /* ViewController.h */,
				4B910819222C6056000748F5 /* ViewController.m */,
				4B91081B222C6059000748F5 /* Assets.xcassets */,
				4B91081D222C6059000748F5 /* Main.storyboard */,
				4B910820222C6059000748F5 /* Info.plist */,
				4B910821222C6059000748F5 /* main.m */,
				4B910823222C6059000748F5 /* MacAudioRecorder.entitlements */,
			);
			path = MacAudioRecorder;
			sourceTree = "<group>";
		};
/* End PBXGroup section */

/* Begin PBXNativeTarget section */
		4B910811222C6056000748F5 /* MacAudioRecorder */ = {
			isa = PBXNativeTarget;
			buildConfigurationList = 4B910826222C6059000748F5 /* Build configuration list for PBXNativeTarget "MacAudioRecorder" */;
			buildPhases = (
				4B91080E222C6056000748F5 /* Sources */,
				4B91080F222C6056000748F5 /* Frameworks */,
				4B910810222C6056000748F5 /* Resources */,
			);
			buildRules = (
			);
			dependencies = (
			);
			name = MacAudioRecorder;
			productName = MacAudioRecorder;
			productReference = 4B910812222C6056000748F5 /* MacAudioRecorder.app */;
			productType = "com.apple.product-type.application";
		};
/* End PBXNativeTarget section */

/* Begin PBXProject section */
		4B91080A222C6056000748F5 /* Project object */ = {
			isa = PBXProject;
			attributes = {
				LastUpgradeCheck = 1010;
				ORGANIZATIONNAME = "Lin Guan";
				TargetAttributes = {
					4B910811222C6056000748F5 = {
						CreatedOnToolsVersion = 10.1;
					};
				};
			};
			buildConfigurationList = 4B91080D222C6056000748F5 /* Build configuration list for PBXProject "MacAudioRecorder" */;
			compatibilityVersion = "Xcode 9.3";
			developmentRegion = en;
			hasScannedForEncodings = 0;
			knownRegions = (
				en,
				Base,
			);
			mainGroup = 4B910809222C6056000748F5;
			productRefGroup = 4B910813222C6056000748F5 /* Products */;
			projectDirPath = "";
			projectRoot = "";
			targets = (
				4B910811222C6056000748F5 /* MacAudioRecorder */,
			);
		};
/* End PBXProject section */

/* Begin PBXResourcesBuildPhase section */
		4B910810222C6056000748F5 /* Resources */ = {
			isa = PBXResourcesBuildPhase;
			buildActionMask = 2147483647;
			files = (
				4B91081C222C6059000748F5 /* Assets.xcassets in Resources */,
				4B91081F222C6059000748F5 /* Main.storyboard in Resources */,
				4BC967CF22499F570056DFC7 /* HauoliAudio1D.wav in Resources */,
			);
			runOnlyForDeploymentPostprocessing = 0;
		};
/* End PBXResourcesBuildPhase section */

/* Begin PBXSourcesBuildPhase section */
		4B91080E222C6056000748F5 /* Sources */ = {
			isa = PBXSourcesBuildPhase;
			buildActionMask = 2147483647;
			files = (
				4B91081A222C6056000748F5 /* ViewController.m in Sources */,
				4B17DE32223AFFFA00F2B656 /* AudioUnitPlugin.mm in Sources */,
				4B91082B222C7BDB000748F5 /* AudioPlugin.mm in Sources */,
				4B17DE2F223AFE4300F2B656 /* AudioUtils.cpp in Sources */,
				4B0082DA2255BBE200E093BD /* PortAudioPlugins.cpp in Sources */,
				4B910822222C6059000748F5 /* main.m in Sources */,
				4B910817222C6056000748F5 /* AppDelegate.m in Sources */,
			);
			runOnlyForDeploymentPostprocessing = 0;
		};
/* End PBXSourcesBuildPhase section */

/* Begin PBXVariantGroup section */
		4B91081D222C6059000748F5 /* Main.storyboard */ = {
			isa = PBXVariantGroup;
			children = (
				4B91081E222C6059000748F5 /* Base */,
			);
			name = Main.storyboard;
			sourceTree = "<group>";
		};
/* End PBXVariantGroup section */

/* Begin XCBuildConfiguration section */
		4B910824222C6059000748F5 /* Debug */ = {
			isa = XCBuildConfiguration;
			buildSettings = {
				ALWAYS_SEARCH_USER_PATHS = NO;
				CLANG_ANALYZER_NONNULL = YES;
				CLANG_ANALYZER_NUMBER_OBJECT_CONVERSION = YES_AGGRESSIVE;
				CLANG_CXX_LANGUAGE_STANDARD = "gnu++14";
				CLANG_CXX_LIBRARY = "libc++";
				CLANG_ENABLE_MODULES = YES;
				CLANG_ENABLE_OBJC_ARC = YES;
				CLANG_ENABLE_OBJC_WEAK = YES;
				CLANG_WARN_BLOCK_CAPTURE_AUTORELEASING = YES;
				CLANG_WARN_BOOL_CONVERSION = YES;
				CLANG_WARN_COMMA = YES;
				CLANG_WARN_CONSTANT_CONVERSION = YES;
				CLANG_WARN_DEPRECATED_OBJC_IMPLEMENTATIONS = YES;
				CLANG_WARN_DIRECT_OBJC_ISA_USAGE = YES_ERROR;
				CLANG_WARN_DOCUMENTATION_COMMENTS = YES;
				CLANG_WARN_EMPTY_BODY = YES;
				CLANG_WARN_ENUM_CONVERSION = YES;
				CLANG_WARN_INFINITE_RECURSION = YES;
				CLANG_WARN_INT_CONVERSION = YES;
				CLANG_WARN_NON_LITERAL_NULL_CONVERSION = YES;
				CLANG_WARN_OBJC_IMPLICIT_RETAIN_SELF = YES;
				CLANG_WARN_OBJC_LITERAL_CONVERSION = YES;
				CLANG_WARN_OBJC_ROOT_CLASS = YES_ERROR;
				CLANG_WARN_RANGE_LOOP_ANALYSIS = YES;
				CLANG_WARN_STRICT_PROTOTYPES = YES;
				CLANG_WARN_SUSPICIOUS_MOVE = YES;
				CLANG_WARN_UNGUARDED_AVAILABILITY = YES_AGGRESSIVE;
				CLANG_WARN_UNREACHABLE_CODE = YES;
				CLANG_WARN__DUPLICATE_METHOD_MATCH = YES;
				CODE_SIGN_IDENTITY = "Mac Developer";
				COPY_PHASE_STRIP = NO;
				DEBUG_INFORMATION_FORMAT = dwarf;
				ENABLE_STRICT_OBJC_MSGSEND = YES;
				ENABLE_TESTABILITY = YES;
				GCC_C_LANGUAGE_STANDARD = gnu11;
				GCC_DYNAMIC_NO_PIC = NO;
				GCC_NO_COMMON_BLOCKS = YES;
				GCC_OPTIMIZATION_LEVEL = 0;
				GCC_PREPROCESSOR_DEFINITIONS = (
					"DEBUG=1",
					"$(inherited)",
				);
				GCC_WARN_64_TO_32_BIT_CONVERSION = YES;
				GCC_WARN_ABOUT_RETURN_TYPE = YES_ERROR;
				GCC_WARN_UNDECLARED_SELECTOR = YES;
				GCC_WARN_UNINITIALIZED_AUTOS = YES_AGGRESSIVE;
				GCC_WARN_UNUSED_FUNCTION = YES;
				GCC_WARN_UNUSED_VARIABLE = YES;
				HEADER_SEARCH_PATHS = /usr/local/include;
				LIBRARY_SEARCH_PATHS = /usr/local/lib;
				MACOSX_DEPLOYMENT_TARGET = 10.14;
				MTL_ENABLE_DEBUG_INFO = INCLUDE_SOURCE;
				MTL_FAST_MATH = YES;
				ONLY_ACTIVE_ARCH = YES;
				SDKROOT = macosx;
			};
			name = Debug;
		};
		4B910825222C6059000748F5 /* Release */ = {
			isa = XCBuildConfiguration;
			buildSettings = {
				ALWAYS_SEARCH_USER_PATHS = NO;
				CLANG_ANALYZER_NONNULL = YES;
				CLANG_ANALYZER_NUMBER_OBJECT_CONVERSION = YES_AGGRESSIVE;
				CLANG_CXX_LANGUAGE_STANDARD = "gnu++14";
				CLANG_CXX_LIBRARY = "libc++";
				CLANG_ENABLE_MODULES = YES;
				CLANG_ENABLE_OBJC_ARC = YES;
				CLANG_ENABLE_OBJC_WEAK = YES;
				CLANG_WARN_BLOCK_CAPTURE_AUTORELEASING = YES;
				CLANG_WARN_BOOL_CONVERSION = YES;
				CLANG_WARN_COMMA = YES;
				CLANG_WARN_CONSTANT_CONVERSION = YES;
				CLANG_WARN_DEPRECATED_OBJC_IMPLEMENTATIONS = YES;
				CLANG_WARN_DIRECT_OBJC_ISA_USAGE = YES_ERROR;
				CLANG_WARN_DOCUMENTATION_COMMENTS = YES;
				CLANG_WARN_EMPTY_BODY = YES;
				CLANG_WARN_ENUM_CONVERSION = YES;
				CLANG_WARN_INFINITE_RECURSION = YES;
				CLANG_WARN_INT_CONVERSION = YES;
				CLANG_WARN_NON_LITERAL_NULL_CONVERSION = YES;
				CLANG_WARN_OBJC_IMPLICIT_RETAIN_SELF = YES;
				CLANG_WARN_OBJC_LITERAL_CONVERSION = YES;
				CLANG_WARN_OBJC_ROOT_CLASS = YES_ERROR;
				CLANG_WARN_RANGE_LOOP_ANALYSIS = YES;
				CLANG_WARN_STRICT_PROTOTYPES = YES;
				CLANG_WARN_SUSPICIOUS_MOVE = YES;
				CLANG_WARN_UNGUARDED_AVAILABILITY = YES_AGGRESSIVE;
				CLANG_WARN_UNREACHABLE_CODE = YES;
				CLANG_WARN__DUPLICATE_METHOD_MATCH = YES;
				CODE_SIGN_IDENTITY = "Mac Developer";
				COPY_PHASE_STRIP = NO;
				DEBUG_INFORMATION_FORMAT = "dwarf-with-dsym";
				ENABLE_NS_ASSERTIONS = NO;
				ENABLE_STRICT_OBJC_MSGSEND = YES;
				GCC_C_LANGUAGE_STANDARD = gnu11;
				GCC_NO_COMMON_BLOCKS = YES;
				GCC_WARN_64_TO_32_BIT_CONVERSION = YES;
				GCC_WARN_ABOUT_RETURN_TYPE = YES_ERROR;
				GCC_WARN_UNDECLARED_SELECTOR = YES;
				GCC_WARN_UNINITIALIZED_AUTOS = YES_AGGRESSIVE;
				GCC_WARN_UNUSED_FUNCTION = YES;
				GCC_WARN_UNUSED_VARIABLE = YES;
				HEADER_SEARCH_PATHS = /usr/local/include;
				LIBRARY_SEARCH_PATHS = /usr/local/lib;
				MACOSX_DEPLOYMENT_TARGET = 10.14;
				MTL_ENABLE_DEBUG_INFO = NO;
				MTL_FAST_MATH = YES;
				SDKROOT = macosx;
			};
			name = Release;
		};
		4B910827222C6059000748F5 /* Debug */ = {
			isa = XCBuildConfiguration;
			buildSettings = {
				ASSETCATALOG_COMPILER_APPICON_NAME = AppIcon;
				CODE_SIGN_ENTITLEMENTS = MacAudioRecorder/MacAudioRecorder.entitlements;
				CODE_SIGN_STYLE = Automatic;
				COMBINE_HIDPI_IMAGES = YES;
				DEVELOPMENT_TEAM = 7J4LE49LZV;
				INFOPLIST_FILE = MacAudioRecorder/Info.plist;
				LD_RUNPATH_SEARCH_PATHS = (
					"$(inherited)",
					"@executable_path/../Frameworks",
				);
				PRODUCT_BUNDLE_IDENTIFIER = com.hauoli.MacAudioRecorder;
				PRODUCT_NAME = "$(TARGET_NAME)";
			};
			name = Debug;
		};
		4B910828222C6059000748F5 /* Release */ = {
			isa = XCBuildConfiguration;
			buildSettings = {
				ASSETCATALOG_COMPILER_APPICON_NAME = AppIcon;
				CODE_SIGN_ENTITLEMENTS = MacAudioRecorder/MacAudioRecorder.entitlements;
				CODE_SIGN_STYLE = Automatic;
				COMBINE_HIDPI_IMAGES = YES;
				DEVELOPMENT_TEAM = 7J4LE49LZV;
				INFOPLIST_FILE = MacAudioRecorder/Info.plist;
				LD_RUNPATH_SEARCH_PATHS = (
					"$(inherited)",
					"@executable_path/../Frameworks",
				);
				PRODUCT_BUNDLE_IDENTIFIER = com.hauoli.MacAudioRecorder;
				PRODUCT_NAME = "$(TARGET_NAME)";
			};
			name = Release;
		};
/* End XCBuildConfiguration section */

/* Begin XCConfigurationList section */
		4B91080D222C6056000748F5 /* Build configuration list for PBXProject "MacAudioRecorder" */ = {
			isa = XCConfigurationList;
			buildConfigurations = (
				4B910824222C6059000748F5 /* Debug */,
				4B910825222C6059000748F5 /* Release */,
			);
			defaultConfigurationIsVisible = 0;
			defaultConfigurationName = Release;
		};
		4B910826222C6059000748F5 /* Build configuration list for PBXNativeTarget "MacAudioRecorder" */ = {
			isa = XCConfigurationList;
			buildConfigurations = (
				4B910827222C6059000748F5 /* Debug */,
				4B910828222C6059000748F5 /* Release */,
			);
			defaultConfigurationIsVisible = 0;
			defaultConfigurationName = Release;
		};
/* End XCConfigurationList section */
	};
	rootObject = 4B91080A222C6056000748F5 /* Project object */;
}
